// !$*UTF8*$!
{
	archiveVersion = 1;
	classes = {
	};
	objectVersion = 55;
	objects = {

/* Begin PBXBuildFile section */
		83043FD427C5F05E004CCD39 /* HabitTrackingApp.swift in Sources */ = {isa = PBXBuildFile; fileRef = 83043FD327C5F05E004CCD39 /* HabitTrackingApp.swift */; };
		83043FD627C5F05E004CCD39 /* ContentView.swift in Sources */ = {isa = PBXBuildFile; fileRef = 83043FD527C5F05E004CCD39 /* ContentView.swift */; };
		83043FD827C5F05F004CCD39 /* Assets.xcassets in Resources */ = {isa = PBXBuildFile; fileRef = 83043FD727C5F05F004CCD39 /* Assets.xcassets */; };
		83043FDB27C5F05F004CCD39 /* Preview Assets.xcassets in Resources */ = {isa = PBXBuildFile; fileRef = 83043FDA27C5F05F004CCD39 /* Preview Assets.xcassets */; };
		83043FE427C5F814004CCD39 /* Bundle-String.swift in Sources */ = {isa = PBXBuildFile; fileRef = 83043FE327C5F814004CCD39 /* Bundle-String.swift */; };
		83043FE627C60018004CCD39 /* Exercise.swift in Sources */ = {isa = PBXBuildFile; fileRef = 83043FE527C60018004CCD39 /* Exercise.swift */; };
		83043FEA27C609C9004CCD39 /* exercises.json in Resources */ = {isa = PBXBuildFile; fileRef = 83043FE927C609C9004CCD39 /* exercises.json */; };
		83043FEC27C60C5B004CCD39 /* Set.swift in Sources */ = {isa = PBXBuildFile; fileRef = 83043FEB27C60C5B004CCD39 /* Set.swift */; };
		83043FEE27C6138D004CCD39 /* Bundle-Decodable.swift in Sources */ = {isa = PBXBuildFile; fileRef = 83043FED27C6138D004CCD39 /* Bundle-Decodable.swift */; };
		83043FF027C6223F004CCD39 /* UserExercises.json in Resources */ = {isa = PBXBuildFile; fileRef = 83043FEF27C6223F004CCD39 /* UserExercises.json */; };
		83043FF227C62371004CCD39 /* Workout.swift in Sources */ = {isa = PBXBuildFile; fileRef = 83043FF127C62371004CCD39 /* Workout.swift */; };
		83043FF427C62631004CCD39 /* WorkoutDetailsView.swift in Sources */ = {isa = PBXBuildFile; fileRef = 83043FF327C62631004CCD39 /* WorkoutDetailsView.swift */; };
/* End PBXBuildFile section */

/* Begin PBXFileReference section */
		83043FD027C5F05E004CCD39 /* HabitTracking.app */ = {isa = PBXFileReference; explicitFileType = wrapper.application; includeInIndex = 0; path = HabitTracking.app; sourceTree = BUILT_PRODUCTS_DIR; };
		83043FD327C5F05E004CCD39 /* HabitTrackingApp.swift */ = {isa = PBXFileReference; lastKnownFileType = sourcecode.swift; path = HabitTrackingApp.swift; sourceTree = "<group>"; };
		83043FD527C5F05E004CCD39 /* ContentView.swift */ = {isa = PBXFileReference; lastKnownFileType = sourcecode.swift; path = ContentView.swift; sourceTree = "<group>"; };
		83043FD727C5F05F004CCD39 /* Assets.xcassets */ = {isa = PBXFileReference; lastKnownFileType = folder.assetcatalog; path = Assets.xcassets; sourceTree = "<group>"; };
		83043FDA27C5F05F004CCD39 /* Preview Assets.xcassets */ = {isa = PBXFileReference; lastKnownFileType = folder.assetcatalog; path = "Preview Assets.xcassets"; sourceTree = "<group>"; };
		83043FE327C5F814004CCD39 /* Bundle-String.swift */ = {isa = PBXFileReference; lastKnownFileType = sourcecode.swift; path = "Bundle-String.swift"; sourceTree = "<group>"; };
		83043FE527C60018004CCD39 /* Exercise.swift */ = {isa = PBXFileReference; lastKnownFileType = sourcecode.swift; path = Exercise.swift; sourceTree = "<group>"; };
		83043FE927C609C9004CCD39 /* exercises.json */ = {isa = PBXFileReference; fileEncoding = 4; lastKnownFileType = text.json; path = exercises.json; sourceTree = "<group>"; };
		83043FEB27C60C5B004CCD39 /* Set.swift */ = {isa = PBXFileReference; lastKnownFileType = sourcecode.swift; path = Set.swift; sourceTree = "<group>"; };
		83043FED27C6138D004CCD39 /* Bundle-Decodable.swift */ = {isa = PBXFileReference; lastKnownFileType = sourcecode.swift; path = "Bundle-Decodable.swift"; sourceTree = "<group>"; };
		83043FEF27C6223F004CCD39 /* UserExercises.json */ = {isa = PBXFileReference; fileEncoding = 4; lastKnownFileType = text.json; path = UserExercises.json; sourceTree = "<group>"; };
		83043FF127C62371004CCD39 /* Workout.swift */ = {isa = PBXFileReference; lastKnownFileType = sourcecode.swift; path = Workout.swift; sourceTree = "<group>"; };
		83043FF327C62631004CCD39 /* WorkoutDetailsView.swift */ = {isa = PBXFileReference; lastKnownFileType = sourcecode.swift; path = WorkoutDetailsView.swift; sourceTree = "<group>"; };
/* End PBXFileReference section */

/* Begin PBXFrameworksBuildPhase section */
		83043FCD27C5F05E004CCD39 /* Frameworks */ = {
			isa = PBXFrameworksBuildPhase;
			buildActionMask = 2147483647;
			files = (
			);
			runOnlyForDeploymentPostprocessing = 0;
		};
/* End PBXFrameworksBuildPhase section */

/* Begin PBXGroup section */
		83043FC727C5F05E004CCD39 = {
			isa = PBXGroup;
			children = (
				83043FD227C5F05E004CCD39 /* HabitTracking */,
				83043FD127C5F05E004CCD39 /* Products */,
			);
			sourceTree = "<group>";
		};
		83043FD127C5F05E004CCD39 /* Products */ = {
			isa = PBXGroup;
			children = (
				83043FD027C5F05E004CCD39 /* HabitTracking.app */,
			);
			name = Products;
			sourceTree = "<group>";
		};
		83043FD227C5F05E004CCD39 /* HabitTracking */ = {
			isa = PBXGroup;
			children = (
				83043FD327C5F05E004CCD39 /* HabitTrackingApp.swift */,
				83043FD527C5F05E004CCD39 /* ContentView.swift */,
				83043FF327C62631004CCD39 /* WorkoutDetailsView.swift */,
				83043FF127C62371004CCD39 /* Workout.swift */,
				83043FE527C60018004CCD39 /* Exercise.swift */,
				83043FEB27C60C5B004CCD39 /* Set.swift */,
				83043FE327C5F814004CCD39 /* Bundle-String.swift */,
				83043FED27C6138D004CCD39 /* Bundle-Decodable.swift */,
				83043FE927C609C9004CCD39 /* exercises.json */,
				83043FEF27C6223F004CCD39 /* UserExercises.json */,
				83043FD727C5F05F004CCD39 /* Assets.xcassets */,
				83043FD927C5F05F004CCD39 /* Preview Content */,
			);
			path = HabitTracking;
			sourceTree = "<group>";
		};
		83043FD927C5F05F004CCD39 /* Preview Content */ = {
			isa = PBXGroup;
			children = (
				83043FDA27C5F05F004CCD39 /* Preview Assets.xcassets */,
			);
			path = "Preview Content";
			sourceTree = "<group>";
		};
/* End PBXGroup section */

/* Begin PBXNativeTarget section */
		83043FCF27C5F05E004CCD39 /* HabitTracking */ = {
			isa = PBXNativeTarget;
			buildConfigurationList = 83043FDE27C5F05F004CCD39 /* Build configuration list for PBXNativeTarget "HabitTracking" */;
			buildPhases = (
				83043FCC27C5F05E004CCD39 /* Sources */,
				83043FCD27C5F05E004CCD39 /* Frameworks */,
				83043FCE27C5F05E004CCD39 /* Resources */,
			);
			buildRules = (
			);
			dependencies = (
			);
			name = HabitTracking;
			productName = HabitTracking;
			productReference = 83043FD027C5F05E004CCD39 /* HabitTracking.app */;
			productType = "com.apple.product-type.application";
		};
/* End PBXNativeTarget section */

/* Begin PBXProject section */
		83043FC827C5F05E004CCD39 /* Project object */ = {
			isa = PBXProject;
			attributes = {
				BuildIndependentTargetsInParallel = 1;
				LastSwiftUpdateCheck = 1320;
				LastUpgradeCheck = 1320;
				TargetAttributes = {
					83043FCF27C5F05E004CCD39 = {
						CreatedOnToolsVersion = 13.2.1;
					};
				};
			};
			buildConfigurationList = 83043FCB27C5F05E004CCD39 /* Build configuration list for PBXProject "HabitTracking" */;
			compatibilityVersion = "Xcode 13.0";
			developmentRegion = en;
			hasScannedForEncodings = 0;
			knownRegions = (
				en,
				Base,
			);
			mainGroup = 83043FC727C5F05E004CCD39;
			productRefGroup = 83043FD127C5F05E004CCD39 /* Products */;
			projectDirPath = "";
			projectRoot = "";
			targets = (
				83043FCF27C5F05E004CCD39 /* HabitTracking */,
			);
		};
/* End PBXProject section */

/* Begin PBXResourcesBuildPhase section */
		83043FCE27C5F05E004CCD39 /* Resources */ = {
			isa = PBXResourcesBuildPhase;
			buildActionMask = 2147483647;
			files = (
				83043FF027C6223F004CCD39 /* UserExercises.json in Resources */,
				83043FDB27C5F05F004CCD39 /* Preview Assets.xcassets in Resources */,
				83043FD827C5F05F004CCD39 /* Assets.xcassets in Resources */,
				83043FEA27C609C9004CCD39 /* exercises.json in Resources */,
			);
			runOnlyForDeploymentPostprocessing = 0;
		};
/* End PBXResourcesBuildPhase section */

/* Begin PBXSourcesBuildPhase section */
		83043FCC27C5F05E004CCD39 /* Sources */ = {
			isa = PBXSourcesBuildPhase;
			buildActionMask = 2147483647;
			files = (
				83043FE627C60018004CCD39 /* Exercise.swift in Sources */,
				83043FE427C5F814004CCD39 /* Bundle-String.swift in Sources */,
				83043FEC27C60C5B004CCD39 /* Set.swift in Sources */,
				83043FF427C62631004CCD39 /* WorkoutDetailsView.swift in Sources */,
				83043FF227C62371004CCD39 /* Workout.swift in Sources */,
				83043FD627C5F05E004CCD39 /* ContentView.swift in Sources */,
				83043FD427C5F05E004CCD39 /* HabitTrackingApp.swift in Sources */,
				83043FEE27C6138D004CCD39 /* Bundle-Decodable.swift in Sources */,
			);
			runOnlyForDeploymentPostprocessing = 0;
		};
/* End PBXSourcesBuildPhase section */

/* Begin XCBuildConfiguration section */
		83043FDC27C5F05F004CCD39 /* Debug */ = {
			isa = XCBuildConfiguration;
			buildSettings = {
				ALWAYS_SEARCH_USER_PATHS = NO;
				CLANG_ANALYZER_NONNULL = YES;
				CLANG_ANALYZER_NUMBER_OBJECT_CONVERSION = YES_AGGRESSIVE;
				CLANG_CXX_LANGUAGE_STANDARD = "gnu++17";
				CLANG_CXX_LIBRARY = "libc++";
				CLANG_ENABLE_MODULES = YES;
				CLANG_ENABLE_OBJC_ARC = YES;
				CLANG_ENABLE_OBJC_WEAK = YES;
				CLANG_WARN_BLOCK_CAPTURE_AUTORELEASING = YES;
				CLANG_WARN_BOOL_CONVERSION = YES;
				CLANG_WARN_COMMA = YES;
				CLANG_WARN_CONSTANT_CONVERSION = YES;
				CLANG_WARN_DEPRECATED_OBJC_IMPLEMENTATIONS = YES;
				CLANG_WARN_DIRECT_OBJC_ISA_USAGE = YES_ERROR;
				CLANG_WARN_DOCUMENTATION_COMMENTS = YES;
				CLANG_WARN_EMPTY_BODY = YES;
				CLANG_WARN_ENUM_CONVERSION = YES;
				CLANG_WARN_INFINITE_RECURSION = YES;
				CLANG_WARN_INT_CONVERSION = YES;
				CLANG_WARN_NON_LITERAL_NULL_CONVERSION = YES;
				CLANG_WARN_OBJC_IMPLICIT_RETAIN_SELF = YES;
				CLANG_WARN_OBJC_LITERAL_CONVERSION = YES;
				CLANG_WARN_OBJC_ROOT_CLASS = YES_ERROR;
				CLANG_WARN_QUOTED_INCLUDE_IN_FRAMEWORK_HEADER = YES;
				CLANG_WARN_RANGE_LOOP_ANALYSIS = YES;
				CLANG_WARN_STRICT_PROTOTYPES = YES;
				CLANG_WARN_SUSPICIOUS_MOVE = YES;
				CLANG_WARN_UNGUARDED_AVAILABILITY = YES_AGGRESSIVE;
				CLANG_WARN_UNREACHABLE_CODE = YES;
				CLANG_WARN__DUPLICATE_METHOD_MATCH = YES;
				COPY_PHASE_STRIP = NO;
				DEBUG_INFORMATION_FORMAT = dwarf;
				ENABLE_STRICT_OBJC_MSGSEND = YES;
				ENABLE_TESTABILITY = YES;
				GCC_C_LANGUAGE_STANDARD = gnu11;
				GCC_DYNAMIC_NO_PIC = NO;
				GCC_NO_COMMON_BLOCKS = YES;
				GCC_OPTIMIZATION_LEVEL = 0;
				GCC_PREPROCESSOR_DEFINITIONS = (
					"DEBUG=1",
					"$(inherited)",
				);
				GCC_WARN_64_TO_32_BIT_CONVERSION = YES;
				GCC_WARN_ABOUT_RETURN_TYPE = YES_ERROR;
				GCC_WARN_UNDECLARED_SELECTOR = YES;
				GCC_WARN_UNINITIALIZED_AUTOS = YES_AGGRESSIVE;
				GCC_WARN_UNUSED_FUNCTION = YES;
				GCC_WARN_UNUSED_VARIABLE = YES;
				IPHONEOS_DEPLOYMENT_TARGET = 15.2;
				MTL_ENABLE_DEBUG_INFO = INCLUDE_SOURCE;
				MTL_FAST_MATH = YES;
				ONLY_ACTIVE_ARCH = YES;
				SDKROOT = iphoneos;
				SWIFT_ACTIVE_COMPILATION_CONDITIONS = DEBUG;
				SWIFT_OPTIMIZATION_LEVEL = "-Onone";
			};
			name = Debug;
		};
		83043FDD27C5F05F004CCD39 /* Release */ = {
			isa = XCBuildConfiguration;
			buildSettings = {
				ALWAYS_SEARCH_USER_PATHS = NO;
				CLANG_ANALYZER_NONNULL = YES;
				CLANG_ANALYZER_NUMBER_OBJECT_CONVERSION = YES_AGGRESSIVE;
				CLANG_CXX_LANGUAGE_STANDARD = "gnu++17";
				CLANG_CXX_LIBRARY = "libc++";
				CLANG_ENABLE_MODULES = YES;
				CLANG_ENABLE_OBJC_ARC = YES;
				CLANG_ENABLE_OBJC_WEAK = YES;
				CLANG_WARN_BLOCK_CAPTURE_AUTORELEASING = YES;
				CLANG_WARN_BOOL_CONVERSION = YES;
				CLANG_WARN_COMMA = YES;
				CLANG_WARN_CONSTANT_CONVERSION = YES;
				CLANG_WARN_DEPRECATED_OBJC_IMPLEMENTATIONS = YES;
				CLANG_WARN_DIRECT_OBJC_ISA_USAGE = YES_ERROR;
				CLANG_WARN_DOCUMENTATION_COMMENTS = YES;
				CLANG_WARN_EMPTY_BODY = YES;
				CLANG_WARN_ENUM_CONVERSION = YES;
				CLANG_WARN_INFINITE_RECURSION = YES;
				CLANG_WARN_INT_CONVERSION = YES;
				CLANG_WARN_NON_LITERAL_NULL_CONVERSION = YES;
				CLANG_WARN_OBJC_IMPLICIT_RETAIN_SELF = YES;
				CLANG_WARN_OBJC_LITERAL_CONVERSION = YES;
				CLANG_WARN_OBJC_ROOT_CLASS = YES_ERROR;
				CLANG_WARN_QUOTED_INCLUDE_IN_FRAMEWORK_HEADER = YES;
				CLANG_WARN_RANGE_LOOP_ANALYSIS = YES;
				CLANG_WARN_STRICT_PROTOTYPES = YES;
				CLANG_WARN_SUSPICIOUS_MOVE = YES;
				CLANG_WARN_UNGUARDED_AVAILABILITY = YES_AGGRESSIVE;
				CLANG_WARN_UNREACHABLE_CODE = YES;
				CLANG_WARN__DUPLICATE_METHOD_MATCH = YES;
				COPY_PHASE_STRIP = NO;
				DEBUG_INFORMATION_FORMAT = "dwarf-with-dsym";
				ENABLE_NS_ASSERTIONS = NO;
				ENABLE_STRICT_OBJC_MSGSEND = YES;
				GCC_C_LANGUAGE_STANDARD = gnu11;
				GCC_NO_COMMON_BLOCKS = YES;
				GCC_WARN_64_TO_32_BIT_CONVERSION = YES;
				GCC_WARN_ABOUT_RETURN_TYPE = YES_ERROR;
				GCC_WARN_UNDECLARED_SELECTOR = YES;
				GCC_WARN_UNINITIALIZED_AUTOS = YES_AGGRESSIVE;
				GCC_WARN_UNUSED_FUNCTION = YES;
				GCC_WARN_UNUSED_VARIABLE = YES;
				IPHONEOS_DEPLOYMENT_TARGET = 15.2;
				MTL_ENABLE_DEBUG_INFO = NO;
				MTL_FAST_MATH = YES;
				SDKROOT = iphoneos;
				SWIFT_COMPILATION_MODE = wholemodule;
				SWIFT_OPTIMIZATION_LEVEL = "-O";
				VALIDATE_PRODUCT = YES;
			};
			name = Release;
		};
		83043FDF27C5F05F004CCD39 /* Debug */ = {
			isa = XCBuildConfiguration;
			buildSettings = {
				ASSETCATALOG_COMPILER_APPICON_NAME = AppIcon;
				ASSETCATALOG_COMPILER_GLOBAL_ACCENT_COLOR_NAME = AccentColor;
				CODE_SIGN_STYLE = Automatic;
				CURRENT_PROJECT_VERSION = 1;
				DEVELOPMENT_ASSET_PATHS = "\"HabitTracking/Preview Content\"";
				DEVELOPMENT_TEAM = CRMD47KJ6G;
				ENABLE_PREVIEWS = YES;
				GENERATE_INFOPLIST_FILE = YES;
				INFOPLIST_KEY_UIApplicationSceneManifest_Generation = YES;
				INFOPLIST_KEY_UIApplicationSupportsIndirectInputEvents = YES;
				INFOPLIST_KEY_UILaunchScreen_Generation = YES;
				INFOPLIST_KEY_UISupportedInterfaceOrientations_iPad = "UIInterfaceOrientationPortrait UIInterfaceOrientationPortraitUpsideDown UIInterfaceOrientationLandscapeLeft UIInterfaceOrientationLandscapeRight";
				INFOPLIST_KEY_UISupportedInterfaceOrientations_iPhone = "UIInterfaceOrientationPortrait UIInterfaceOrientationLandscapeLeft UIInterfaceOrientationLandscapeRight";
				LD_RUNPATH_SEARCH_PATHS = (
					"$(inherited)",
					"@executable_path/Frameworks",
				);
				MARKETING_VERSION = 1.0;
				PRODUCT_BUNDLE_IDENTIFIER = com.chrispeloso.HabitTracking;
				PRODUCT_NAME = "$(TARGET_NAME)";
				SWIFT_EMIT_LOC_STRINGS = YES;
				SWIFT_VERSION = 5.0;
				TARGETED_DEVICE_FAMILY = "1,2";
			};
			name = Debug;
		};
		83043FE027C5F05F004CCD39 /* Release */ = {
			isa = XCBuildConfiguration;
			buildSettings = {
				ASSETCATALOG_COMPILER_APPICON_NAME = AppIcon;
				ASSETCATALOG_COMPILER_GLOBAL_ACCENT_COLOR_NAME = AccentColor;
				CODE_SIGN_STYLE = Automatic;
				CURRENT_PROJECT_VERSION = 1;
				DEVELOPMENT_ASSET_PATHS = "\"HabitTracking/Preview Content\"";
				DEVELOPMENT_TEAM = CRMD47KJ6G;
				ENABLE_PREVIEWS = YES;
				GENERATE_INFOPLIST_FILE = YES;
				INFOPLIST_KEY_UIApplicationSceneManifest_Generation = YES;
				INFOPLIST_KEY_UIApplicationSupportsIndirectInputEvents = YES;
				INFOPLIST_KEY_UILaunchScreen_Generation = YES;
				INFOPLIST_KEY_UISupportedInterfaceOrientations_iPad = "UIInterfaceOrientationPortrait UIInterfaceOrientationPortraitUpsideDown UIInterfaceOrientationLandscapeLeft UIInterfaceOrientationLandscapeRight";
				INFOPLIST_KEY_UISupportedInterfaceOrientations_iPhone = "UIInterfaceOrientationPortrait UIInterfaceOrientationLandscapeLeft UIInterfaceOrientationLandscapeRight";
				LD_RUNPATH_SEARCH_PATHS = (
					"$(inherited)",
					"@executable_path/Frameworks",
				);
				MARKETING_VERSION = 1.0;
				PRODUCT_BUNDLE_IDENTIFIER = com.chrispeloso.HabitTracking;
				PRODUCT_NAME = "$(TARGET_NAME)";
				SWIFT_EMIT_LOC_STRINGS = YES;
				SWIFT_VERSION = 5.0;
				TARGETED_DEVICE_FAMILY = "1,2";
			};
			name = Release;
		};
/* End XCBuildConfiguration section */

/* Begin XCConfigurationList section */
		83043FCB27C5F05E004CCD39 /* Build configuration list for PBXProject "HabitTracking" */ = {
			isa = XCConfigurationList;
			buildConfigurations = (
				83043FDC27C5F05F004CCD39 /* Debug */,
				83043FDD27C5F05F004CCD39 /* Release */,
			);
			defaultConfigurationIsVisible = 0;
			defaultConfigurationName = Release;
		};
		83043FDE27C5F05F004CCD39 /* Build configuration list for PBXNativeTarget "HabitTracking" */ = {
			isa = XCConfigurationList;
			buildConfigurations = (
				83043FDF27C5F05F004CCD39 /* Debug */,
				83043FE027C5F05F004CCD39 /* Release */,
			);
			defaultConfigurationIsVisible = 0;
			defaultConfigurationName = Release;
		};
/* End XCConfigurationList section */
	};
	rootObject = 83043FC827C5F05E004CCD39 /* Project object */;
}
